
Microsoft Visual Studio Solution File, Format Version 12.00
# Visual Studio Version 16
VisualStudioVersion = 16.0.31112.23
MinimumVisualStudioVersion = 10.0.40219.1
Project("{8BC9CEB8-8B4A-11D0-8D11-00A0C91BC942}") = "lab_work(archive№3)", "lab_work(archive№3)\lab_work(archive№3).vcxproj", "{8D911F11-6E9A-4155-86C5-EDCAF4F37E8A}"
EndProject
Global
	GlobalSection(SolutionConfigurationPlatforms) = preSolution
		Debug|x64 = Debug|x64
		Debug|x86 = Debug|x86
		Release|x64 = Release|x64
		Release|x86 = Release|x86
	EndGlobalSection
	GlobalSection(ProjectConfigurationPlatforms) = postSolution
		{8D911F11-6E9A-4155-86C5-EDCAF4F37E8A}.Debug|x64.ActiveCfg = Debug|x64
		{8D911F11-6E9A-4155-86C5-EDCAF4F37E8A}.Debug|x64.Build.0 = Debug|x64
		{8D911F11-6E9A-4155-86C5-EDCAF4F37E8A}.Debug|x86.ActiveCfg = Debug|Win32
		{8D911F11-6E9A-4155-86C5-EDCAF4F37E8A}.Debug|x86.Build.0 = Debug|Win32
		{8D911F11-6E9A-4155-86C5-EDCAF4F37E8A}.Release|x64.ActiveCfg = Release|x64
		{8D911F11-6E9A-4155-86C5-EDCAF4F37E8A}.Release|x64.Build.0 = Release|x64
		{8D911F11-6E9A-4155-86C5-EDCAF4F37E8A}.Release|x86.ActiveCfg = Release|Win32
		{8D911F11-6E9A-4155-86C5-EDCAF4F37E8A}.Release|x86.Build.0 = Release|Win32
	EndGlobalSection
	GlobalSection(SolutionProperties) = preSolution
		HideSolutionNode = FALSE
	EndGlobalSection
	GlobalSection(ExtensibilityGlobals) = postSolution
		SolutionGuid = {467E8607-846F-43AB-86AA-D5DA608F470F}
	EndGlobalSection
EndGlobal
